// !$*UTF8*$!
{
	archiveVersion = 1;
	classes = {
	};
	objectVersion = 56;
	objects = {

/* Begin PBXBuildFile section */
		CE48527D2A8AC9C100C998EC /* AppDelegate.swift in Sources */ = {isa = PBXBuildFile; fileRef = CE48527C2A8AC9C100C998EC /* AppDelegate.swift */; };
		CE4852862A8AC9C200C998EC /* Assets.xcassets in Resources */ = {isa = PBXBuildFile; fileRef = CE4852852A8AC9C200C998EC /* Assets.xcassets */; };
		CE4852892A8AC9C200C998EC /* LaunchScreen.storyboard in Resources */ = {isa = PBXBuildFile; fileRef = CE4852872A8AC9C200C998EC /* LaunchScreen.storyboard */; };
		CE48529E2A8AD72100C998EC /* CM_LoginViewUI.swift in Sources */ = {isa = PBXBuildFile; fileRef = CE4852962A8AD72100C998EC /* CM_LoginViewUI.swift */; };
		CE48529F2A8AD72100C998EC /* CM_LoginPresenter.swift in Sources */ = {isa = PBXBuildFile; fileRef = CE4852972A8AD72100C998EC /* CM_LoginPresenter.swift */; };
		CE4852A02A8AD72100C998EC /* CM_LoginRouter.swift in Sources */ = {isa = PBXBuildFile; fileRef = CE4852982A8AD72100C998EC /* CM_LoginRouter.swift */; };
		CE4852A12A8AD72100C998EC /* CM_LoginProtocols.swift in Sources */ = {isa = PBXBuildFile; fileRef = CE4852992A8AD72100C998EC /* CM_LoginProtocols.swift */; };
		CE4852A22A8AD72100C998EC /* CM_LoginMain.swift in Sources */ = {isa = PBXBuildFile; fileRef = CE48529A2A8AD72100C998EC /* CM_LoginMain.swift */; };
		CE4852A32A8AD72100C998EC /* CM_LoginInteractor.swift in Sources */ = {isa = PBXBuildFile; fileRef = CE48529B2A8AD72100C998EC /* CM_LoginInteractor.swift */; };
		CE4852A42A8AD72100C998EC /* CM_LoginView.swift in Sources */ = {isa = PBXBuildFile; fileRef = CE48529C2A8AD72100C998EC /* CM_LoginView.swift */; };
		CE4852A52A8AD72100C998EC /* CM_LoginEntity.swift in Sources */ = {isa = PBXBuildFile; fileRef = CE48529D2A8AD72100C998EC /* CM_LoginEntity.swift */; };
		CE4852AA2A8AD78400C998EC /* String+Extension.swift in Sources */ = {isa = PBXBuildFile; fileRef = CE4852A92A8AD78400C998EC /* String+Extension.swift */; };
		CE4852AC2A8AD85900C998EC /* CMT_NetworkManager.swift in Sources */ = {isa = PBXBuildFile; fileRef = CE4852AB2A8AD85900C998EC /* CMT_NetworkManager.swift */; };
		CE4852AE2A8AD88B00C998EC /* CMT_ActivityIndicator.swift in Sources */ = {isa = PBXBuildFile; fileRef = CE4852AD2A8AD88B00C998EC /* CMT_ActivityIndicator.swift */; };
		CE4852B02A8AD99200C998EC /* CM_TextField.swift in Sources */ = {isa = PBXBuildFile; fileRef = CE4852AF2A8AD99200C998EC /* CM_TextField.swift */; };
		CE4852B92A8AE29500C998EC /* CM_MoviesViewUI.swift in Sources */ = {isa = PBXBuildFile; fileRef = CE4852B12A8AE29500C998EC /* CM_MoviesViewUI.swift */; };
		CE4852BA2A8AE29500C998EC /* CM_MoviesPresenter.swift in Sources */ = {isa = PBXBuildFile; fileRef = CE4852B22A8AE29500C998EC /* CM_MoviesPresenter.swift */; };
		CE4852BB2A8AE29500C998EC /* CM_MoviesRouter.swift in Sources */ = {isa = PBXBuildFile; fileRef = CE4852B32A8AE29500C998EC /* CM_MoviesRouter.swift */; };
		CE4852BC2A8AE29500C998EC /* CM_MoviesProtocols.swift in Sources */ = {isa = PBXBuildFile; fileRef = CE4852B42A8AE29500C998EC /* CM_MoviesProtocols.swift */; };
		CE4852BD2A8AE29500C998EC /* CM_MoviesMain.swift in Sources */ = {isa = PBXBuildFile; fileRef = CE4852B52A8AE29500C998EC /* CM_MoviesMain.swift */; };
		CE4852BE2A8AE29500C998EC /* CM_MoviesInteractor.swift in Sources */ = {isa = PBXBuildFile; fileRef = CE4852B62A8AE29500C998EC /* CM_MoviesInteractor.swift */; };
		CE4852BF2A8AE29500C998EC /* CM_MoviesView.swift in Sources */ = {isa = PBXBuildFile; fileRef = CE4852B72A8AE29500C998EC /* CM_MoviesView.swift */; };
		CE4852C02A8AE29500C998EC /* CM_MoviesEntity.swift in Sources */ = {isa = PBXBuildFile; fileRef = CE4852B82A8AE29500C998EC /* CM_MoviesEntity.swift */; };
/* End PBXBuildFile section */

/* Begin PBXFileReference section */
		CE4852792A8AC9C100C998EC /* CopelMovies.app */ = {isa = PBXFileReference; explicitFileType = wrapper.application; includeInIndex = 0; path = CopelMovies.app; sourceTree = BUILT_PRODUCTS_DIR; };
		CE48527C2A8AC9C100C998EC /* AppDelegate.swift */ = {isa = PBXFileReference; lastKnownFileType = sourcecode.swift; path = AppDelegate.swift; sourceTree = "<group>"; };
		CE4852852A8AC9C200C998EC /* Assets.xcassets */ = {isa = PBXFileReference; lastKnownFileType = folder.assetcatalog; path = Assets.xcassets; sourceTree = "<group>"; };
		CE4852882A8AC9C200C998EC /* Base */ = {isa = PBXFileReference; lastKnownFileType = file.storyboard; name = Base; path = Base.lproj/LaunchScreen.storyboard; sourceTree = "<group>"; };
		CE48528A2A8AC9C200C998EC /* Info.plist */ = {isa = PBXFileReference; lastKnownFileType = text.plist.xml; path = Info.plist; sourceTree = "<group>"; };
		CE4852962A8AD72100C998EC /* CM_LoginViewUI.swift */ = {isa = PBXFileReference; lastKnownFileType = sourcecode.swift; path = CM_LoginViewUI.swift; sourceTree = "<group>"; };
		CE4852972A8AD72100C998EC /* CM_LoginPresenter.swift */ = {isa = PBXFileReference; lastKnownFileType = sourcecode.swift; path = CM_LoginPresenter.swift; sourceTree = "<group>"; };
		CE4852982A8AD72100C998EC /* CM_LoginRouter.swift */ = {isa = PBXFileReference; lastKnownFileType = sourcecode.swift; path = CM_LoginRouter.swift; sourceTree = "<group>"; };
		CE4852992A8AD72100C998EC /* CM_LoginProtocols.swift */ = {isa = PBXFileReference; lastKnownFileType = sourcecode.swift; path = CM_LoginProtocols.swift; sourceTree = "<group>"; };
		CE48529A2A8AD72100C998EC /* CM_LoginMain.swift */ = {isa = PBXFileReference; lastKnownFileType = sourcecode.swift; path = CM_LoginMain.swift; sourceTree = "<group>"; };
		CE48529B2A8AD72100C998EC /* CM_LoginInteractor.swift */ = {isa = PBXFileReference; lastKnownFileType = sourcecode.swift; path = CM_LoginInteractor.swift; sourceTree = "<group>"; };
		CE48529C2A8AD72100C998EC /* CM_LoginView.swift */ = {isa = PBXFileReference; lastKnownFileType = sourcecode.swift; path = CM_LoginView.swift; sourceTree = "<group>"; };
		CE48529D2A8AD72100C998EC /* CM_LoginEntity.swift */ = {isa = PBXFileReference; lastKnownFileType = sourcecode.swift; path = CM_LoginEntity.swift; sourceTree = "<group>"; };
		CE4852A92A8AD78400C998EC /* String+Extension.swift */ = {isa = PBXFileReference; lastKnownFileType = sourcecode.swift; path = "String+Extension.swift"; sourceTree = "<group>"; };
		CE4852AB2A8AD85900C998EC /* CMT_NetworkManager.swift */ = {isa = PBXFileReference; fileEncoding = 4; lastKnownFileType = sourcecode.swift; path = CMT_NetworkManager.swift; sourceTree = "<group>"; };
		CE4852AD2A8AD88B00C998EC /* CMT_ActivityIndicator.swift */ = {isa = PBXFileReference; fileEncoding = 4; lastKnownFileType = sourcecode.swift; path = CMT_ActivityIndicator.swift; sourceTree = "<group>"; };
		CE4852AF2A8AD99200C998EC /* CM_TextField.swift */ = {isa = PBXFileReference; lastKnownFileType = sourcecode.swift; path = CM_TextField.swift; sourceTree = "<group>"; };
		CE4852B12A8AE29500C998EC /* CM_MoviesViewUI.swift */ = {isa = PBXFileReference; lastKnownFileType = sourcecode.swift; path = CM_MoviesViewUI.swift; sourceTree = "<group>"; };
		CE4852B22A8AE29500C998EC /* CM_MoviesPresenter.swift */ = {isa = PBXFileReference; lastKnownFileType = sourcecode.swift; path = CM_MoviesPresenter.swift; sourceTree = "<group>"; };
		CE4852B32A8AE29500C998EC /* CM_MoviesRouter.swift */ = {isa = PBXFileReference; lastKnownFileType = sourcecode.swift; path = CM_MoviesRouter.swift; sourceTree = "<group>"; };
		CE4852B42A8AE29500C998EC /* CM_MoviesProtocols.swift */ = {isa = PBXFileReference; lastKnownFileType = sourcecode.swift; path = CM_MoviesProtocols.swift; sourceTree = "<group>"; };
		CE4852B52A8AE29500C998EC /* CM_MoviesMain.swift */ = {isa = PBXFileReference; lastKnownFileType = sourcecode.swift; path = CM_MoviesMain.swift; sourceTree = "<group>"; };
		CE4852B62A8AE29500C998EC /* CM_MoviesInteractor.swift */ = {isa = PBXFileReference; lastKnownFileType = sourcecode.swift; path = CM_MoviesInteractor.swift; sourceTree = "<group>"; };
		CE4852B72A8AE29500C998EC /* CM_MoviesView.swift */ = {isa = PBXFileReference; lastKnownFileType = sourcecode.swift; path = CM_MoviesView.swift; sourceTree = "<group>"; };
		CE4852B82A8AE29500C998EC /* CM_MoviesEntity.swift */ = {isa = PBXFileReference; lastKnownFileType = sourcecode.swift; path = CM_MoviesEntity.swift; sourceTree = "<group>"; };
/* End PBXFileReference section */

/* Begin PBXFrameworksBuildPhase section */
		CE4852762A8AC9C100C998EC /* Frameworks */ = {
			isa = PBXFrameworksBuildPhase;
			buildActionMask = 2147483647;
			files = (
			);
			runOnlyForDeploymentPostprocessing = 0;
		};
/* End PBXFrameworksBuildPhase section */

/* Begin PBXGroup section */
		CE4852702A8AC9C100C998EC = {
			isa = PBXGroup;
			children = (
				CE48527B2A8AC9C100C998EC /* CopelMovies */,
				CE48527A2A8AC9C100C998EC /* Products */,
			);
			sourceTree = "<group>";
		};
		CE48527A2A8AC9C100C998EC /* Products */ = {
			isa = PBXGroup;
			children = (
				CE4852792A8AC9C100C998EC /* CopelMovies.app */,
			);
			name = Products;
			sourceTree = "<group>";
		};
		CE48527B2A8AC9C100C998EC /* CopelMovies */ = {
			isa = PBXGroup;
			children = (
				CE4852922A8AD61C00C998EC /* Main */,
				CE4852912A8AD61300C998EC /* Modules */,
				CE4852902A8AD57300C998EC /* Utils */,
				CE4852852A8AC9C200C998EC /* Assets.xcassets */,
				CE4852872A8AC9C200C998EC /* LaunchScreen.storyboard */,
				CE48528A2A8AC9C200C998EC /* Info.plist */,
			);
			path = CopelMovies;
			sourceTree = "<group>";
		};
		CE4852902A8AD57300C998EC /* Utils */ = {
			isa = PBXGroup;
			children = (
				CE4852A82A8AD76800C998EC /* Extension */,
				CE4852A72A8AD75800C998EC /* Components */,
				CE4852A62A8AD74D00C998EC /* Network */,
			);
			path = Utils;
			sourceTree = "<group>";
		};
		CE4852912A8AD61300C998EC /* Modules */ = {
			isa = PBXGroup;
			children = (
				CE4852952A8AD70900C998EC /* CM_Login */,
				CE4852942A8AD6F700C998EC /* CM_Movies */,
				CE4852932A8AD6E600C998EC /* CM_Details */,
			);
			path = Modules;
			sourceTree = "<group>";
		};
		CE4852922A8AD61C00C998EC /* Main */ = {
			isa = PBXGroup;
			children = (
				CE48527C2A8AC9C100C998EC /* AppDelegate.swift */,
			);
			path = Main;
			sourceTree = "<group>";
		};
		CE4852932A8AD6E600C998EC /* CM_Details */ = {
			isa = PBXGroup;
			children = (
			);
			path = CM_Details;
			sourceTree = "<group>";
		};
		CE4852942A8AD6F700C998EC /* CM_Movies */ = {
			isa = PBXGroup;
			children = (
				CE4852B52A8AE29500C998EC /* CM_MoviesMain.swift */,
				CE4852B32A8AE29500C998EC /* CM_MoviesRouter.swift */,
				CE4852B82A8AE29500C998EC /* CM_MoviesEntity.swift */,
				CE4852B42A8AE29500C998EC /* CM_MoviesProtocols.swift */,
				CE4852B22A8AE29500C998EC /* CM_MoviesPresenter.swift */,
				CE4852B62A8AE29500C998EC /* CM_MoviesInteractor.swift */,
				CE4852B72A8AE29500C998EC /* CM_MoviesView.swift */,
				CE4852B12A8AE29500C998EC /* CM_MoviesViewUI.swift */,
			);
			path = CM_Movies;
			sourceTree = "<group>";
		};
		CE4852952A8AD70900C998EC /* CM_Login */ = {
			isa = PBXGroup;
			children = (
				CE48529A2A8AD72100C998EC /* CM_LoginMain.swift */,
				CE4852982A8AD72100C998EC /* CM_LoginRouter.swift */,
				CE48529D2A8AD72100C998EC /* CM_LoginEntity.swift */,
				CE4852972A8AD72100C998EC /* CM_LoginPresenter.swift */,
				CE4852992A8AD72100C998EC /* CM_LoginProtocols.swift */,
				CE48529B2A8AD72100C998EC /* CM_LoginInteractor.swift */,
				CE48529C2A8AD72100C998EC /* CM_LoginView.swift */,
				CE4852962A8AD72100C998EC /* CM_LoginViewUI.swift */,
			);
			path = CM_Login;
			sourceTree = "<group>";
		};
		CE4852A62A8AD74D00C998EC /* Network */ = {
			isa = PBXGroup;
			children = (
				CE4852AB2A8AD85900C998EC /* CMT_NetworkManager.swift */,
			);
			path = Network;
			sourceTree = "<group>";
		};
		CE4852A72A8AD75800C998EC /* Components */ = {
			isa = PBXGroup;
			children = (
				CE4852AD2A8AD88B00C998EC /* CMT_ActivityIndicator.swift */,
				CE4852AF2A8AD99200C998EC /* CM_TextField.swift */,
			);
			path = Components;
			sourceTree = "<group>";
		};
		CE4852A82A8AD76800C998EC /* Extension */ = {
			isa = PBXGroup;
			children = (
				CE4852A92A8AD78400C998EC /* String+Extension.swift */,
			);
			path = Extension;
			sourceTree = "<group>";
		};
/* End PBXGroup section */

/* Begin PBXNativeTarget section */
		CE4852782A8AC9C100C998EC /* CopelMovies */ = {
			isa = PBXNativeTarget;
			buildConfigurationList = CE48528D2A8AC9C200C998EC /* Build configuration list for PBXNativeTarget "CopelMovies" */;
			buildPhases = (
				CE4852752A8AC9C100C998EC /* Sources */,
				CE4852762A8AC9C100C998EC /* Frameworks */,
				CE4852772A8AC9C100C998EC /* Resources */,
			);
			buildRules = (
			);
			dependencies = (
			);
			name = CopelMovies;
			productName = CopelMovies;
			productReference = CE4852792A8AC9C100C998EC /* CopelMovies.app */;
			productType = "com.apple.product-type.application";
		};
/* End PBXNativeTarget section */

/* Begin PBXProject section */
		CE4852712A8AC9C100C998EC /* Project object */ = {
			isa = PBXProject;
			attributes = {
				BuildIndependentTargetsInParallel = 1;
				LastSwiftUpdateCheck = 1420;
				LastUpgradeCheck = 1420;
				TargetAttributes = {
					CE4852782A8AC9C100C998EC = {
						CreatedOnToolsVersion = 14.2;
					};
				};
			};
			buildConfigurationList = CE4852742A8AC9C100C998EC /* Build configuration list for PBXProject "CopelMovies" */;
			compatibilityVersion = "Xcode 14.0";
			developmentRegion = en;
			hasScannedForEncodings = 0;
			knownRegions = (
				en,
				Base,
			);
			mainGroup = CE4852702A8AC9C100C998EC;
			productRefGroup = CE48527A2A8AC9C100C998EC /* Products */;
			projectDirPath = "";
			projectRoot = "";
			targets = (
				CE4852782A8AC9C100C998EC /* CopelMovies */,
			);
		};
/* End PBXProject section */

/* Begin PBXResourcesBuildPhase section */
		CE4852772A8AC9C100C998EC /* Resources */ = {
			isa = PBXResourcesBuildPhase;
			buildActionMask = 2147483647;
			files = (
				CE4852892A8AC9C200C998EC /* LaunchScreen.storyboard in Resources */,
				CE4852862A8AC9C200C998EC /* Assets.xcassets in Resources */,
			);
			runOnlyForDeploymentPostprocessing = 0;
		};
/* End PBXResourcesBuildPhase section */

/* Begin PBXSourcesBuildPhase section */
		CE4852752A8AC9C100C998EC /* Sources */ = {
			isa = PBXSourcesBuildPhase;
			buildActionMask = 2147483647;
			files = (
				CE4852A42A8AD72100C998EC /* CM_LoginView.swift in Sources */,
				CE4852A02A8AD72100C998EC /* CM_LoginRouter.swift in Sources */,
				CE4852AC2A8AD85900C998EC /* CMT_NetworkManager.swift in Sources */,
				CE4852BB2A8AE29500C998EC /* CM_MoviesRouter.swift in Sources */,
				CE48529E2A8AD72100C998EC /* CM_LoginViewUI.swift in Sources */,
				CE4852A22A8AD72100C998EC /* CM_LoginMain.swift in Sources */,
				CE48529F2A8AD72100C998EC /* CM_LoginPresenter.swift in Sources */,
				CE4852BF2A8AE29500C998EC /* CM_MoviesView.swift in Sources */,
				CE4852BD2A8AE29500C998EC /* CM_MoviesMain.swift in Sources */,
				CE48527D2A8AC9C100C998EC /* AppDelegate.swift in Sources */,
				CE4852BA2A8AE29500C998EC /* CM_MoviesPresenter.swift in Sources */,
				CE4852AE2A8AD88B00C998EC /* CMT_ActivityIndicator.swift in Sources */,
				CE4852BE2A8AE29500C998EC /* CM_MoviesInteractor.swift in Sources */,
				CE4852BC2A8AE29500C998EC /* CM_MoviesProtocols.swift in Sources */,
				CE4852B02A8AD99200C998EC /* CM_TextField.swift in Sources */,
				CE4852A52A8AD72100C998EC /* CM_LoginEntity.swift in Sources */,
				CE4852A32A8AD72100C998EC /* CM_LoginInteractor.swift in Sources */,
				CE4852B92A8AE29500C998EC /* CM_MoviesViewUI.swift in Sources */,
				CE4852C02A8AE29500C998EC /* CM_MoviesEntity.swift in Sources */,
				CE4852AA2A8AD78400C998EC /* String+Extension.swift in Sources */,
				CE4852A12A8AD72100C998EC /* CM_LoginProtocols.swift in Sources */,
			);
			runOnlyForDeploymentPostprocessing = 0;
		};
/* End PBXSourcesBuildPhase section */

/* Begin PBXVariantGroup section */
		CE4852872A8AC9C200C998EC /* LaunchScreen.storyboard */ = {
			isa = PBXVariantGroup;
			children = (
				CE4852882A8AC9C200C998EC /* Base */,
			);
			name = LaunchScreen.storyboard;
			sourceTree = "<group>";
		};
/* End PBXVariantGroup section */

/* Begin XCBuildConfiguration section */
		CE48528B2A8AC9C200C998EC /* Debug */ = {
			isa = XCBuildConfiguration;
			buildSettings = {
				ALWAYS_SEARCH_USER_PATHS = NO;
				CLANG_ANALYZER_NONNULL = YES;
				CLANG_ANALYZER_NUMBER_OBJECT_CONVERSION = YES_AGGRESSIVE;
				CLANG_CXX_LANGUAGE_STANDARD = "gnu++20";
				CLANG_ENABLE_MODULES = YES;
				CLANG_ENABLE_OBJC_ARC = YES;
				CLANG_ENABLE_OBJC_WEAK = YES;
				CLANG_WARN_BLOCK_CAPTURE_AUTORELEASING = YES;
				CLANG_WARN_BOOL_CONVERSION = YES;
				CLANG_WARN_COMMA = YES;
				CLANG_WARN_CONSTANT_CONVERSION = YES;
				CLANG_WARN_DEPRECATED_OBJC_IMPLEMENTATIONS = YES;
				CLANG_WARN_DIRECT_OBJC_ISA_USAGE = YES_ERROR;
				CLANG_WARN_DOCUMENTATION_COMMENTS = YES;
				CLANG_WARN_EMPTY_BODY = YES;
				CLANG_WARN_ENUM_CONVERSION = YES;
				CLANG_WARN_INFINITE_RECURSION = YES;
				CLANG_WARN_INT_CONVERSION = YES;
				CLANG_WARN_NON_LITERAL_NULL_CONVERSION = YES;
				CLANG_WARN_OBJC_IMPLICIT_RETAIN_SELF = YES;
				CLANG_WARN_OBJC_LITERAL_CONVERSION = YES;
				CLANG_WARN_OBJC_ROOT_CLASS = YES_ERROR;
				CLANG_WARN_QUOTED_INCLUDE_IN_FRAMEWORK_HEADER = YES;
				CLANG_WARN_RANGE_LOOP_ANALYSIS = YES;
				CLANG_WARN_STRICT_PROTOTYPES = YES;
				CLANG_WARN_SUSPICIOUS_MOVE = YES;
				CLANG_WARN_UNGUARDED_AVAILABILITY = YES_AGGRESSIVE;
				CLANG_WARN_UNREACHABLE_CODE = YES;
				CLANG_WARN__DUPLICATE_METHOD_MATCH = YES;
				COPY_PHASE_STRIP = NO;
				DEBUG_INFORMATION_FORMAT = dwarf;
				ENABLE_STRICT_OBJC_MSGSEND = YES;
				ENABLE_TESTABILITY = YES;
				GCC_C_LANGUAGE_STANDARD = gnu11;
				GCC_DYNAMIC_NO_PIC = NO;
				GCC_NO_COMMON_BLOCKS = YES;
				GCC_OPTIMIZATION_LEVEL = 0;
				GCC_PREPROCESSOR_DEFINITIONS = (
					"DEBUG=1",
					"$(inherited)",
				);
				GCC_WARN_64_TO_32_BIT_CONVERSION = YES;
				GCC_WARN_ABOUT_RETURN_TYPE = YES_ERROR;
				GCC_WARN_UNDECLARED_SELECTOR = YES;
				GCC_WARN_UNINITIALIZED_AUTOS = YES_AGGRESSIVE;
				GCC_WARN_UNUSED_FUNCTION = YES;
				GCC_WARN_UNUSED_VARIABLE = YES;
				IPHONEOS_DEPLOYMENT_TARGET = 13.0;
				MTL_ENABLE_DEBUG_INFO = INCLUDE_SOURCE;
				MTL_FAST_MATH = YES;
				ONLY_ACTIVE_ARCH = YES;
				SDKROOT = iphoneos;
				SWIFT_ACTIVE_COMPILATION_CONDITIONS = DEBUG;
				SWIFT_OPTIMIZATION_LEVEL = "-Onone";
			};
			name = Debug;
		};
		CE48528C2A8AC9C200C998EC /* Release */ = {
			isa = XCBuildConfiguration;
			buildSettings = {
				ALWAYS_SEARCH_USER_PATHS = NO;
				CLANG_ANALYZER_NONNULL = YES;
				CLANG_ANALYZER_NUMBER_OBJECT_CONVERSION = YES_AGGRESSIVE;
				CLANG_CXX_LANGUAGE_STANDARD = "gnu++20";
				CLANG_ENABLE_MODULES = YES;
				CLANG_ENABLE_OBJC_ARC = YES;
				CLANG_ENABLE_OBJC_WEAK = YES;
				CLANG_WARN_BLOCK_CAPTURE_AUTORELEASING = YES;
				CLANG_WARN_BOOL_CONVERSION = YES;
				CLANG_WARN_COMMA = YES;
				CLANG_WARN_CONSTANT_CONVERSION = YES;
				CLANG_WARN_DEPRECATED_OBJC_IMPLEMENTATIONS = YES;
				CLANG_WARN_DIRECT_OBJC_ISA_USAGE = YES_ERROR;
				CLANG_WARN_DOCUMENTATION_COMMENTS = YES;
				CLANG_WARN_EMPTY_BODY = YES;
				CLANG_WARN_ENUM_CONVERSION = YES;
				CLANG_WARN_INFINITE_RECURSION = YES;
				CLANG_WARN_INT_CONVERSION = YES;
				CLANG_WARN_NON_LITERAL_NULL_CONVERSION = YES;
				CLANG_WARN_OBJC_IMPLICIT_RETAIN_SELF = YES;
				CLANG_WARN_OBJC_LITERAL_CONVERSION = YES;
				CLANG_WARN_OBJC_ROOT_CLASS = YES_ERROR;
				CLANG_WARN_QUOTED_INCLUDE_IN_FRAMEWORK_HEADER = YES;
				CLANG_WARN_RANGE_LOOP_ANALYSIS = YES;
				CLANG_WARN_STRICT_PROTOTYPES = YES;
				CLANG_WARN_SUSPICIOUS_MOVE = YES;
				CLANG_WARN_UNGUARDED_AVAILABILITY = YES_AGGRESSIVE;
				CLANG_WARN_UNREACHABLE_CODE = YES;
				CLANG_WARN__DUPLICATE_METHOD_MATCH = YES;
				COPY_PHASE_STRIP = NO;
				DEBUG_INFORMATION_FORMAT = "dwarf-with-dsym";
				ENABLE_NS_ASSERTIONS = NO;
				ENABLE_STRICT_OBJC_MSGSEND = YES;
				GCC_C_LANGUAGE_STANDARD = gnu11;
				GCC_NO_COMMON_BLOCKS = YES;
				GCC_WARN_64_TO_32_BIT_CONVERSION = YES;
				GCC_WARN_ABOUT_RETURN_TYPE = YES_ERROR;
				GCC_WARN_UNDECLARED_SELECTOR = YES;
				GCC_WARN_UNINITIALIZED_AUTOS = YES_AGGRESSIVE;
				GCC_WARN_UNUSED_FUNCTION = YES;
				GCC_WARN_UNUSED_VARIABLE = YES;
				IPHONEOS_DEPLOYMENT_TARGET = 13.0;
				MTL_ENABLE_DEBUG_INFO = NO;
				MTL_FAST_MATH = YES;
				SDKROOT = iphoneos;
				SWIFT_COMPILATION_MODE = wholemodule;
				SWIFT_OPTIMIZATION_LEVEL = "-O";
				VALIDATE_PRODUCT = YES;
			};
			name = Release;
		};
		CE48528E2A8AC9C200C998EC /* Debug */ = {
			isa = XCBuildConfiguration;
			buildSettings = {
				ASSETCATALOG_COMPILER_APPICON_NAME = AppIcon;
				ASSETCATALOG_COMPILER_GLOBAL_ACCENT_COLOR_NAME = AccentColor;
				CODE_SIGN_STYLE = Automatic;
				CURRENT_PROJECT_VERSION = 1;
				DEVELOPMENT_TEAM = 2RHXBRCF87;
				GENERATE_INFOPLIST_FILE = YES;
				INFOPLIST_FILE = CopelMovies/Info.plist;
				INFOPLIST_KEY_UIApplicationSupportsIndirectInputEvents = YES;
				INFOPLIST_KEY_UILaunchStoryboardName = LaunchScreen;
				INFOPLIST_KEY_UIMainStoryboardFile = "";
				INFOPLIST_KEY_UISupportedInterfaceOrientations_iPad = "UIInterfaceOrientationPortrait UIInterfaceOrientationPortraitUpsideDown UIInterfaceOrientationLandscapeLeft UIInterfaceOrientationLandscapeRight";
				INFOPLIST_KEY_UISupportedInterfaceOrientations_iPhone = "UIInterfaceOrientationPortrait UIInterfaceOrientationLandscapeLeft UIInterfaceOrientationLandscapeRight";
				IPHONEOS_DEPLOYMENT_TARGET = 13.0;
				LD_RUNPATH_SEARCH_PATHS = (
					"$(inherited)",
					"@executable_path/Frameworks",
				);
				MARKETING_VERSION = 1.0;
				PRODUCT_BUNDLE_IDENTIFIER = com.Adrian.CopelMovies;
				PRODUCT_NAME = "$(TARGET_NAME)";
				SWIFT_EMIT_LOC_STRINGS = YES;
				SWIFT_VERSION = 5.0;
				TARGETED_DEVICE_FAMILY = "1,2";
			};
			name = Debug;
		};
		CE48528F2A8AC9C200C998EC /* Release */ = {
			isa = XCBuildConfiguration;
			buildSettings = {
				ASSETCATALOG_COMPILER_APPICON_NAME = AppIcon;
				ASSETCATALOG_COMPILER_GLOBAL_ACCENT_COLOR_NAME = AccentColor;
				CODE_SIGN_STYLE = Automatic;
				CURRENT_PROJECT_VERSION = 1;
				DEVELOPMENT_TEAM = 2RHXBRCF87;
				GENERATE_INFOPLIST_FILE = YES;
				INFOPLIST_FILE = CopelMovies/Info.plist;
				INFOPLIST_KEY_UIApplicationSupportsIndirectInputEvents = YES;
				INFOPLIST_KEY_UILaunchStoryboardName = LaunchScreen;
				INFOPLIST_KEY_UIMainStoryboardFile = "";
				INFOPLIST_KEY_UISupportedInterfaceOrientations_iPad = "UIInterfaceOrientationPortrait UIInterfaceOrientationPortraitUpsideDown UIInterfaceOrientationLandscapeLeft UIInterfaceOrientationLandscapeRight";
				INFOPLIST_KEY_UISupportedInterfaceOrientations_iPhone = "UIInterfaceOrientationPortrait UIInterfaceOrientationLandscapeLeft UIInterfaceOrientationLandscapeRight";
				IPHONEOS_DEPLOYMENT_TARGET = 13.0;
				LD_RUNPATH_SEARCH_PATHS = (
					"$(inherited)",
					"@executable_path/Frameworks",
				);
				MARKETING_VERSION = 1.0;
				PRODUCT_BUNDLE_IDENTIFIER = com.Adrian.CopelMovies;
				PRODUCT_NAME = "$(TARGET_NAME)";
				SWIFT_EMIT_LOC_STRINGS = YES;
				SWIFT_VERSION = 5.0;
				TARGETED_DEVICE_FAMILY = "1,2";
			};
			name = Release;
		};
/* End XCBuildConfiguration section */

/* Begin XCConfigurationList section */
		CE4852742A8AC9C100C998EC /* Build configuration list for PBXProject "CopelMovies" */ = {
			isa = XCConfigurationList;
			buildConfigurations = (
				CE48528B2A8AC9C200C998EC /* Debug */,
				CE48528C2A8AC9C200C998EC /* Release */,
			);
			defaultConfigurationIsVisible = 0;
			defaultConfigurationName = Release;
		};
		CE48528D2A8AC9C200C998EC /* Build configuration list for PBXNativeTarget "CopelMovies" */ = {
			isa = XCConfigurationList;
			buildConfigurations = (
				CE48528E2A8AC9C200C998EC /* Debug */,
				CE48528F2A8AC9C200C998EC /* Release */,
			);
			defaultConfigurationIsVisible = 0;
			defaultConfigurationName = Release;
		};
/* End XCConfigurationList section */
	};
	rootObject = CE4852712A8AC9C100C998EC /* Project object */;
}
